{
  "name": "viper-vortex",
  "lockfileVersion": 3,
  "requires": true,
  "packages": {
    "": {
      "name": "viper-vortex",
      "workspaces": [
        "packages/client",
        "packages/server",
        "packages/shared"
      ]
    },
    "node_modules/@tsconfig/recommended": {
      "version": "1.0.3",
      "resolved": "https://registry.npmjs.org/@tsconfig/recommended/-/recommended-1.0.3.tgz",
      "integrity": "sha512-+jby/Guq9H8O7NWgCv6X8VAiQE8Dr/nccsCtL74xyHKhu2Knu5EAKmOZj3nLCnLm1KooUzKY+5DsnGVqhM8/wQ==",
      "dev": true
    },
    "node_modules/shared": {
      "resolved": "packages/shared",
      "link": true
    },
    "packages/shared": {
      "devDependencies": {
        "@tsconfig/recommended": "^1.0.3"
      }
    }
  }
}
